
Microsoft Visual Studio Solution File, Format Version 12.00
# Visual Studio 14
VisualStudioVersion = 14.0.25420.1
MinimumVisualStudioVersion = 10.0.40219.1
Project("{2150E333-8FDC-42A3-9474-1A3956D46DE8}") = "Project", "Project", "{879C8F51-41A7-489C-A1F3-98E56A2E67BE}"
EndProject
Project("{2150E333-8FDC-42A3-9474-1A3956D46DE8}") = "Foundation", "Foundation", "{441CFFA2-0ED7-4CD8-944B-D4F2BA1EBFE4}"
	ProjectSection(SolutionItems) = preProject
		src\Foundation\README.md = src\Foundation\README.md
	EndProjectSection
EndProject
Project("{2150E333-8FDC-42A3-9474-1A3956D46DE8}") = "Configuration", "Configuration", "{D73C39CF-A4A5-49AA-9BF3-17A677F61410}"
	ProjectSection(SolutionItems) = preProject
		.gitattributes = .gitattributes
		.gitignore = .gitignore
		gulp-config.js = gulp-config.js
		gulp-config.js.example = gulp-config.js.example
		gulpfile-ci.js = gulpfile-ci.js
		gulpfile.js = gulpfile.js
		package.json = package.json
		package.xml = package.xml
		publishsettings.targets = publishsettings.targets
		publishsettings.targets.example = publishsettings.targets.example
		README.md = README.md
		WebEssentials2015-Settings.json = WebEssentials2015-Settings.json
		src\Project\Common\code\App_Config\Include\Project\zzz.JCore.DevSettings.config.example = src\Project\Common\code\App_Config\Include\Project\zzz.JCore.DevSettings.config.example
	EndProjectSection
EndProject
Project("{2150E333-8FDC-42A3-9474-1A3956D46DE8}") = "Testing", "Testing", "{A0191C09-0625-4554-8A75-64E02396B683}"
EndProject
Project("{FAE04EC0-301F-11D3-BF4B-00C04F79EFBC}") = "JCore.Foundation.Testing", "src\Foundation\Testing\code\JCore.Foundation.Testing.csproj", "{7CC3D72B-4518-4B78-BE48-630A263C0F5B}"
EndProject
Project("{2150E333-8FDC-42A3-9474-1A3956D46DE8}") = "Sitecore Extensions", "Sitecore Extensions", "{BE36DDE7-70EE-4E8C-ACF8-588BE5093498}"
EndProject
Project("{FAE04EC0-301F-11D3-BF4B-00C04F79EFBC}") = "JCore.Foundation.SitecoreExtensions", "src\Foundation\Sitecore Extensions\code\JCore.Foundation.SitecoreExtensions.csproj", "{B535703F-8D07-4F23-A533-2974BB4CC7B1}"
EndProject
Project("{FAE04EC0-301F-11D3-BF4B-00C04F79EFBC}") = "JCore.Foundation.SitecoreExtensions.Tests", "src\Foundation\Sitecore Extensions\tests\JCore.Foundation.SitecoreExtensions.Tests.csproj", "{85F735B7-9BEE-43C3-94DF-539CE267F0B9}"
EndProject
Project("{2150E333-8FDC-42A3-9474-1A3956D46DE8}") = "Datasources", "Datasources", "{3E33DA08-FF81-4531-86C3-30CFB80F22EB}"
EndProject
Project("{FAE04EC0-301F-11D3-BF4B-00C04F79EFBC}") = "JCore.Common.Website", "src\Project\Common\code\JCore.Common.Website.csproj", "{03810978-BFDF-4985-AA30-8A288A04AF03}"
EndProject
Project("{2150E333-8FDC-42A3-9474-1A3956D46DE8}") = "Datasources", "Datasources", "{CF4BBA5E-B71F-4477-8EF0-19F32F0C22D8}"
EndProject
Project("{FAE04EC0-301F-11D3-BF4B-00C04F79EFBC}") = "JCore.Foundation.Datasources", "src\Foundation\Datasources\code\JCore.Foundation.Datasources.csproj", "{66F59B65-7E15-45B2-923F-270B90F0A243}"
EndProject
Project("{FAE04EC0-301F-11D3-BF4B-00C04F79EFBC}") = "JCore.Foundation.Datasources.Tests", "src\Foundation\Datasources\tests\JCore.Foundation.Datasources.Tests.csproj", "{639923EF-E7D3-4A5C-9DB9-97D25E2FBA86}"
EndProject
Project("{2150E333-8FDC-42A3-9474-1A3956D46DE8}") = "Serialization", "Serialization", "{9499E673-39C9-46E7-9186-5CC7F6F75AF8}"
EndProject
Project("{FAE04EC0-301F-11D3-BF4B-00C04F79EFBC}") = "JCore.Foundation.Serialization", "src\Foundation\Serialization\code\JCore.Foundation.Serialization.csproj", "{007CD5DC-0030-460D-91A3-3DDEA9AB472F}"
EndProject
Global
	GlobalSection(SolutionConfigurationPlatforms) = preSolution
		Debug|Any CPU = Debug|Any CPU
		Release|Any CPU = Release|Any CPU
	EndGlobalSection
	GlobalSection(ProjectConfigurationPlatforms) = postSolution
		{7CC3D72B-4518-4B78-BE48-630A263C0F5B}.Debug|Any CPU.ActiveCfg = Debug|Any CPU
		{7CC3D72B-4518-4B78-BE48-630A263C0F5B}.Debug|Any CPU.Build.0 = Debug|Any CPU
		{7CC3D72B-4518-4B78-BE48-630A263C0F5B}.Release|Any CPU.ActiveCfg = Release|Any CPU
		{7CC3D72B-4518-4B78-BE48-630A263C0F5B}.Release|Any CPU.Build.0 = Release|Any CPU
		{B535703F-8D07-4F23-A533-2974BB4CC7B1}.Debug|Any CPU.ActiveCfg = Debug|Any CPU
		{B535703F-8D07-4F23-A533-2974BB4CC7B1}.Debug|Any CPU.Build.0 = Debug|Any CPU
		{B535703F-8D07-4F23-A533-2974BB4CC7B1}.Release|Any CPU.ActiveCfg = Release|Any CPU
		{B535703F-8D07-4F23-A533-2974BB4CC7B1}.Release|Any CPU.Build.0 = Release|Any CPU
		{85F735B7-9BEE-43C3-94DF-539CE267F0B9}.Debug|Any CPU.ActiveCfg = Debug|Any CPU
		{85F735B7-9BEE-43C3-94DF-539CE267F0B9}.Debug|Any CPU.Build.0 = Debug|Any CPU
		{85F735B7-9BEE-43C3-94DF-539CE267F0B9}.Release|Any CPU.ActiveCfg = Release|Any CPU
		{85F735B7-9BEE-43C3-94DF-539CE267F0B9}.Release|Any CPU.Build.0 = Release|Any CPU
		{03810978-BFDF-4985-AA30-8A288A04AF03}.Debug|Any CPU.ActiveCfg = Debug|Any CPU
		{03810978-BFDF-4985-AA30-8A288A04AF03}.Debug|Any CPU.Build.0 = Debug|Any CPU
		{03810978-BFDF-4985-AA30-8A288A04AF03}.Release|Any CPU.ActiveCfg = Release|Any CPU
		{03810978-BFDF-4985-AA30-8A288A04AF03}.Release|Any CPU.Build.0 = Release|Any CPU
		{66F59B65-7E15-45B2-923F-270B90F0A243}.Debug|Any CPU.ActiveCfg = Debug|Any CPU
		{66F59B65-7E15-45B2-923F-270B90F0A243}.Debug|Any CPU.Build.0 = Debug|Any CPU
		{66F59B65-7E15-45B2-923F-270B90F0A243}.Release|Any CPU.ActiveCfg = Release|Any CPU
		{66F59B65-7E15-45B2-923F-270B90F0A243}.Release|Any CPU.Build.0 = Release|Any CPU
		{639923EF-E7D3-4A5C-9DB9-97D25E2FBA86}.Debug|Any CPU.ActiveCfg = Debug|Any CPU
		{639923EF-E7D3-4A5C-9DB9-97D25E2FBA86}.Debug|Any CPU.Build.0 = Debug|Any CPU
		{639923EF-E7D3-4A5C-9DB9-97D25E2FBA86}.Release|Any CPU.ActiveCfg = Release|Any CPU
		{639923EF-E7D3-4A5C-9DB9-97D25E2FBA86}.Release|Any CPU.Build.0 = Release|Any CPU
		{007CD5DC-0030-460D-91A3-3DDEA9AB472F}.Debug|Any CPU.ActiveCfg = Debug|Any CPU
		{007CD5DC-0030-460D-91A3-3DDEA9AB472F}.Debug|Any CPU.Build.0 = Debug|Any CPU
		{007CD5DC-0030-460D-91A3-3DDEA9AB472F}.Release|Any CPU.ActiveCfg = Release|Any CPU
		{007CD5DC-0030-460D-91A3-3DDEA9AB472F}.Release|Any CPU.Build.0 = Release|Any CPU
	EndGlobalSection
	GlobalSection(SolutionProperties) = preSolution
		HideSolutionNode = FALSE
	EndGlobalSection
	GlobalSection(NestedProjects) = preSolution
		{A0191C09-0625-4554-8A75-64E02396B683} = {441CFFA2-0ED7-4CD8-944B-D4F2BA1EBFE4}
		{7CC3D72B-4518-4B78-BE48-630A263C0F5B} = {A0191C09-0625-4554-8A75-64E02396B683}
		{BE36DDE7-70EE-4E8C-ACF8-588BE5093498} = {441CFFA2-0ED7-4CD8-944B-D4F2BA1EBFE4}
		{B535703F-8D07-4F23-A533-2974BB4CC7B1} = {BE36DDE7-70EE-4E8C-ACF8-588BE5093498}
		{85F735B7-9BEE-43C3-94DF-539CE267F0B9} = {BE36DDE7-70EE-4E8C-ACF8-588BE5093498}
		{3E33DA08-FF81-4531-86C3-30CFB80F22EB} = {879C8F51-41A7-489C-A1F3-98E56A2E67BE}
		{03810978-BFDF-4985-AA30-8A288A04AF03} = {3E33DA08-FF81-4531-86C3-30CFB80F22EB}
		{CF4BBA5E-B71F-4477-8EF0-19F32F0C22D8} = {441CFFA2-0ED7-4CD8-944B-D4F2BA1EBFE4}
		{66F59B65-7E15-45B2-923F-270B90F0A243} = {CF4BBA5E-B71F-4477-8EF0-19F32F0C22D8}
		{639923EF-E7D3-4A5C-9DB9-97D25E2FBA86} = {CF4BBA5E-B71F-4477-8EF0-19F32F0C22D8}
		{9499E673-39C9-46E7-9186-5CC7F6F75AF8} = {441CFFA2-0ED7-4CD8-944B-D4F2BA1EBFE4}
		{007CD5DC-0030-460D-91A3-3DDEA9AB472F} = {9499E673-39C9-46E7-9186-5CC7F6F75AF8}
	EndGlobalSection
EndGlobal
